// !$*UTF8*$!
{
	archiveVersion = 1;
	classes = {
	};
	objectVersion = 46;
	objects = {

/* Begin PBXBuildFile section */
		58C042A91B6F7A2B00BE27F9 /* main.m in Sources */ = {isa = PBXBuildFile; fileRef = 58C042A81B6F7A2B00BE27F9 /* main.m */; };
		58C042AC1B6F7A2B00BE27F9 /* AppDelegate.m in Sources */ = {isa = PBXBuildFile; fileRef = 58C042AB1B6F7A2B00BE27F9 /* AppDelegate.m */; };
		58C042AF1B6F7A2B00BE27F9 /* ViewController.m in Sources */ = {isa = PBXBuildFile; fileRef = 58C042AE1B6F7A2B00BE27F9 /* ViewController.m */; };
		58C042B21B6F7A2B00BE27F9 /* Main.storyboard in Resources */ = {isa = PBXBuildFile; fileRef = 58C042B01B6F7A2B00BE27F9 /* Main.storyboard */; };
		58C042B41B6F7A2B00BE27F9 /* Images.xcassets in Resources */ = {isa = PBXBuildFile; fileRef = 58C042B31B6F7A2B00BE27F9 /* Images.xcassets */; };
		58C042B71B6F7A2B00BE27F9 /* LaunchScreen.xib in Resources */ = {isa = PBXBuildFile; fileRef = 58C042B51B6F7A2B00BE27F9 /* LaunchScreen.xib */; };
		58C042C31B6F7A2B00BE27F9 /* TrendyTests.m in Sources */ = {isa = PBXBuildFile; fileRef = 58C042C21B6F7A2B00BE27F9 /* TrendyTests.m */; };
/* End PBXBuildFile section */

/* Begin PBXContainerItemProxy section */
		58C042BD1B6F7A2B00BE27F9 /* PBXContainerItemProxy */ = {
			isa = PBXContainerItemProxy;
			containerPortal = 58C0429B1B6F7A2B00BE27F9 /* Project object */;
			proxyType = 1;
			remoteGlobalIDString = 58C042A21B6F7A2B00BE27F9;
			remoteInfo = Trendy;
		};
/* End PBXContainerItemProxy section */

/* Begin PBXFileReference section */
		58C042A31B6F7A2B00BE27F9 /* Trendy.app */ = {isa = PBXFileReference; explicitFileType = wrapper.application; includeInIndex = 0; path = Trendy.app; sourceTree = BUILT_PRODUCTS_DIR; };
		58C042A71B6F7A2B00BE27F9 /* Info.plist */ = {isa = PBXFileReference; lastKnownFileType = text.plist.xml; path = Info.plist; sourceTree = "<group>"; };
		58C042A81B6F7A2B00BE27F9 /* main.m */ = {isa = PBXFileReference; lastKnownFileType = sourcecode.c.objc; path = main.m; sourceTree = "<group>"; };
		58C042AA1B6F7A2B00BE27F9 /* AppDelegate.h */ = {isa = PBXFileReference; lastKnownFileType = sourcecode.c.h; path = AppDelegate.h; sourceTree = "<group>"; };
		58C042AB1B6F7A2B00BE27F9 /* AppDelegate.m */ = {isa = PBXFileReference; lastKnownFileType = sourcecode.c.objc; path = AppDelegate.m; sourceTree = "<group>"; };
		58C042AD1B6F7A2B00BE27F9 /* ViewController.h */ = {isa = PBXFileReference; lastKnownFileType = sourcecode.c.h; path = ViewController.h; sourceTree = "<group>"; };
		58C042AE1B6F7A2B00BE27F9 /* ViewController.m */ = {isa = PBXFileReference; lastKnownFileType = sourcecode.c.objc; path = ViewController.m; sourceTree = "<group>"; };
		58C042B11B6F7A2B00BE27F9 /* Base */ = {isa = PBXFileReference; lastKnownFileType = file.storyboard; name = Base; path = Base.lproj/Main.storyboard; sourceTree = "<group>"; };
		58C042B31B6F7A2B00BE27F9 /* Images.xcassets */ = {isa = PBXFileReference; lastKnownFileType = folder.assetcatalog; path = Images.xcassets; sourceTree = "<group>"; };
		58C042B61B6F7A2B00BE27F9 /* Base */ = {isa = PBXFileReference; lastKnownFileType = file.xib; name = Base; path = Base.lproj/LaunchScreen.xib; sourceTree = "<group>"; };
		58C042BC1B6F7A2B00BE27F9 /* TrendyTests.xctest */ = {isa = PBXFileReference; explicitFileType = wrapper.cfbundle; includeInIndex = 0; path = TrendyTests.xctest; sourceTree = BUILT_PRODUCTS_DIR; };
		58C042C11B6F7A2B00BE27F9 /* Info.plist */ = {isa = PBXFileReference; lastKnownFileType = text.plist.xml; path = Info.plist; sourceTree = "<group>"; };
		58C042C21B6F7A2B00BE27F9 /* TrendyTests.m */ = {isa = PBXFileReference; lastKnownFileType = sourcecode.c.objc; path = TrendyTests.m; sourceTree = "<group>"; };
/* End PBXFileReference section */

/* Begin PBXFrameworksBuildPhase section */
		58C042A01B6F7A2B00BE27F9 /* Frameworks */ = {
			isa = PBXFrameworksBuildPhase;
			buildActionMask = 2147483647;
			files = (
			);
			runOnlyForDeploymentPostprocessing = 0;
		};
		58C042B91B6F7A2B00BE27F9 /* Frameworks */ = {
			isa = PBXFrameworksBuildPhase;
			buildActionMask = 2147483647;
			files = (
			);
			runOnlyForDeploymentPostprocessing = 0;
		};
/* End PBXFrameworksBuildPhase section */

/* Begin PBXGroup section */
		58C0429A1B6F7A2B00BE27F9 = {
			isa = PBXGroup;
			children = (
				58C042A51B6F7A2B00BE27F9 /* Trendy */,
				58C042BF1B6F7A2B00BE27F9 /* TrendyTests */,
				58C042A41B6F7A2B00BE27F9 /* Products */,
			);
			sourceTree = "<group>";
		};
		58C042A41B6F7A2B00BE27F9 /* Products */ = {
			isa = PBXGroup;
			children = (
				58C042A31B6F7A2B00BE27F9 /* Trendy.app */,
				58C042BC1B6F7A2B00BE27F9 /* TrendyTests.xctest */,
			);
			name = Products;
			sourceTree = "<group>";
		};
		58C042A51B6F7A2B00BE27F9 /* Trendy */ = {
			isa = PBXGroup;
			children = (
				58C042AA1B6F7A2B00BE27F9 /* AppDelegate.h */,
				58C042AB1B6F7A2B00BE27F9 /* AppDelegate.m */,
				58C042AD1B6F7A2B00BE27F9 /* ViewController.h */,
				58C042AE1B6F7A2B00BE27F9 /* ViewController.m */,
				58C042B01B6F7A2B00BE27F9 /* Main.storyboard */,
				58C042B31B6F7A2B00BE27F9 /* Images.xcassets */,
				58C042B51B6F7A2B00BE27F9 /* LaunchScreen.xib */,
				58C042A61B6F7A2B00BE27F9 /* Supporting Files */,
			);
			path = Trendy;
			sourceTree = "<group>";
		};
		58C042A61B6F7A2B00BE27F9 /* Supporting Files */ = {
			isa = PBXGroup;
			children = (
				58C042A71B6F7A2B00BE27F9 /* Info.plist */,
				58C042A81B6F7A2B00BE27F9 /* main.m */,
			);
			name = "Supporting Files";
			sourceTree = "<group>";
		};
		58C042BF1B6F7A2B00BE27F9 /* TrendyTests */ = {
			isa = PBXGroup;
			children = (
				58C042C21B6F7A2B00BE27F9 /* TrendyTests.m */,
				58C042C01B6F7A2B00BE27F9 /* Supporting Files */,
			);
			path = TrendyTests;
			sourceTree = "<group>";
		};
		58C042C01B6F7A2B00BE27F9 /* Supporting Files */ = {
			isa = PBXGroup;
			children = (
				58C042C11B6F7A2B00BE27F9 /* Info.plist */,
			);
			name = "Supporting Files";
			sourceTree = "<group>";
		};
/* End PBXGroup section */

/* Begin PBXNativeTarget section */
		58C042A21B6F7A2B00BE27F9 /* Trendy */ = {
			isa = PBXNativeTarget;
			buildConfigurationList = 58C042C61B6F7A2B00BE27F9 /* Build configuration list for PBXNativeTarget "Trendy" */;
			buildPhases = (
				58C0429F1B6F7A2B00BE27F9 /* Sources */,
				58C042A01B6F7A2B00BE27F9 /* Frameworks */,
				58C042A11B6F7A2B00BE27F9 /* Resources */,
			);
			buildRules = (
			);
			dependencies = (
			);
			name = Trendy;
			productName = Trendy;
			productReference = 58C042A31B6F7A2B00BE27F9 /* Trendy.app */;
			productType = "com.apple.product-type.application";
		};
		58C042BB1B6F7A2B00BE27F9 /* TrendyTests */ = {
			isa = PBXNativeTarget;
			buildConfigurationList = 58C042C91B6F7A2B00BE27F9 /* Build configuration list for PBXNativeTarget "TrendyTests" */;
			buildPhases = (
				58C042B81B6F7A2B00BE27F9 /* Sources */,
				58C042B91B6F7A2B00BE27F9 /* Frameworks */,
				58C042BA1B6F7A2B00BE27F9 /* Resources */,
			);
			buildRules = (
			);
			dependencies = (
				58C042BE1B6F7A2B00BE27F9 /* PBXTargetDependency */,
			);
			name = TrendyTests;
			productName = TrendyTests;
			productReference = 58C042BC1B6F7A2B00BE27F9 /* TrendyTests.xctest */;
			productType = "com.apple.product-type.bundle.unit-test";
		};
/* End PBXNativeTarget section */

/* Begin PBXProject section */
		58C0429B1B6F7A2B00BE27F9 /* Project object */ = {
			isa = PBXProject;
			attributes = {
				LastUpgradeCheck = 0630;
				ORGANIZATIONNAME = NewAgeSMB;
				TargetAttributes = {
					58C042A21B6F7A2B00BE27F9 = {
						CreatedOnToolsVersion = 6.3.2;
					};
					58C042BB1B6F7A2B00BE27F9 = {
						CreatedOnToolsVersion = 6.3.2;
						TestTargetID = 58C042A21B6F7A2B00BE27F9;
					};
				};
			};
			buildConfigurationList = 58C0429E1B6F7A2B00BE27F9 /* Build configuration list for PBXProject "Trendy" */;
			compatibilityVersion = "Xcode 3.2";
			developmentRegion = English;
			hasScannedForEncodings = 0;
			knownRegions = (
				en,
				Base,
			);
			mainGroup = 58C0429A1B6F7A2B00BE27F9;
			productRefGroup = 58C042A41B6F7A2B00BE27F9 /* Products */;
			projectDirPath = "";
			projectRoot = "";
			targets = (
				58C042A21B6F7A2B00BE27F9 /* Trendy */,
				58C042BB1B6F7A2B00BE27F9 /* TrendyTests */,
			);
		};
/* End PBXProject section */

/* Begin PBXResourcesBuildPhase section */
		58C042A11B6F7A2B00BE27F9 /* Resources */ = {
			isa = PBXResourcesBuildPhase;
			buildActionMask = 2147483647;
			files = (
				58C042B21B6F7A2B00BE27F9 /* Main.storyboard in Resources */,
				58C042B71B6F7A2B00BE27F9 /* LaunchScreen.xib in Resources */,
				58C042B41B6F7A2B00BE27F9 /* Images.xcassets in Resources */,
			);
			runOnlyForDeploymentPostprocessing = 0;
		};
		58C042BA1B6F7A2B00BE27F9 /* Resources */ = {
			isa = PBXResourcesBuildPhase;
			buildActionMask = 2147483647;
			files = (
			);
			runOnlyForDeploymentPostprocessing = 0;
		};
/* End PBXResourcesBuildPhase section */

/* Begin PBXSourcesBuildPhase section */
		58C0429F1B6F7A2B00BE27F9 /* Sources */ = {
			isa = PBXSourcesBuildPhase;
			buildActionMask = 2147483647;
			files = (
				58C042AF1B6F7A2B00BE27F9 /* ViewController.m in Sources */,
				58C042AC1B6F7A2B00BE27F9 /* AppDelegate.m in Sources */,
				58C042A91B6F7A2B00BE27F9 /* main.m in Sources */,
			);
			runOnlyForDeploymentPostprocessing = 0;
		};
		58C042B81B6F7A2B00BE27F9 /* Sources */ = {
			isa = PBXSourcesBuildPhase;
			buildActionMask = 2147483647;
			files = (
				58C042C31B6F7A2B00BE27F9 /* TrendyTests.m in Sources */,
			);
			runOnlyForDeploymentPostprocessing = 0;
		};
/* End PBXSourcesBuildPhase section */

/* Begin PBXTargetDependency section */
		58C042BE1B6F7A2B00BE27F9 /* PBXTargetDependency */ = {
			isa = PBXTargetDependency;
			target = 58C042A21B6F7A2B00BE27F9 /* Trendy */;
			targetProxy = 58C042BD1B6F7A2B00BE27F9 /* PBXContainerItemProxy */;
		};
/* End PBXTargetDependency section */

/* Begin PBXVariantGroup section */
		58C042B01B6F7A2B00BE27F9 /* Main.storyboard */ = {
			isa = PBXVariantGroup;
			children = (
				58C042B11B6F7A2B00BE27F9 /* Base */,
			);
			name = Main.storyboard;
			sourceTree = "<group>";
		};
		58C042B51B6F7A2B00BE27F9 /* LaunchScreen.xib */ = {
			isa = PBXVariantGroup;
			children = (
				58C042B61B6F7A2B00BE27F9 /* Base */,
			);
			name = LaunchScreen.xib;
			sourceTree = "<group>";
		};
/* End PBXVariantGroup section */

/* Begin XCBuildConfiguration section */
		58C042C41B6F7A2B00BE27F9 /* Debug */ = {
			isa = XCBuildConfiguration;
			buildSettings = {
				ALWAYS_SEARCH_USER_PATHS = NO;
				CLANG_CXX_LANGUAGE_STANDARD = "gnu++0x";
				CLANG_CXX_LIBRARY = "libc++";
				CLANG_ENABLE_MODULES = YES;
				CLANG_ENABLE_OBJC_ARC = YES;
				CLANG_WARN_BOOL_CONVERSION = YES;
				CLANG_WARN_CONSTANT_CONVERSION = YES;
				CLANG_WARN_DIRECT_OBJC_ISA_USAGE = YES_ERROR;
				CLANG_WARN_EMPTY_BODY = YES;
				CLANG_WARN_ENUM_CONVERSION = YES;
				CLANG_WARN_INT_CONVERSION = YES;
				CLANG_WARN_OBJC_ROOT_CLASS = YES_ERROR;
				CLANG_WARN_UNREACHABLE_CODE = YES;
				CLANG_WARN__DUPLICATE_METHOD_MATCH = YES;
				"CODE_SIGN_IDENTITY[sdk=iphoneos*]" = "iPhone Developer";
				COPY_PHASE_STRIP = NO;
				DEBUG_INFORMATION_FORMAT = "dwarf-with-dsym";
				ENABLE_STRICT_OBJC_MSGSEND = YES;
				GCC_C_LANGUAGE_STANDARD = gnu99;
				GCC_DYNAMIC_NO_PIC = NO;
				GCC_NO_COMMON_BLOCKS = YES;
				GCC_OPTIMIZATION_LEVEL = 0;
				GCC_PREPROCESSOR_DEFINITIONS = (
					"DEBUG=1",
					"$(inherited)",
				);
				GCC_SYMBOLS_PRIVATE_EXTERN = NO;
				GCC_WARN_64_TO_32_BIT_CONVERSION = YES;
				GCC_WARN_ABOUT_RETURN_TYPE = YES_ERROR;
				GCC_WARN_UNDECLARED_SELECTOR = YES;
				GCC_WARN_UNINITIALIZED_AUTOS = YES_AGGRESSIVE;
				GCC_WARN_UNUSED_FUNCTION = YES;
				GCC_WARN_UNUSED_VARIABLE = YES;
				IPHONEOS_DEPLOYMENT_TARGET = 8.3;
				MTL_ENABLE_DEBUG_INFO = YES;
				ONLY_ACTIVE_ARCH = YES;
				SDKROOT = iphoneos;
			};
			name = Debug;
		};
		58C042C51B6F7A2B00BE27F9 /* Release */ = {
			isa = XCBuildConfiguration;
			buildSettings = {
				ALWAYS_SEARCH_USER_PATHS = NO;
				CLANG_CXX_LANGUAGE_STANDARD = "gnu++0x";
				CLANG_CXX_LIBRARY = "libc++";
				CLANG_ENABLE_MODULES = YES;
				CLANG_ENABLE_OBJC_ARC = YES;
				CLANG_WARN_BOOL_CONVERSION = YES;
				CLANG_WARN_CONSTANT_CONVERSION = YES;
				CLANG_WARN_DIRECT_OBJC_ISA_USAGE = YES_ERROR;
				CLANG_WARN_EMPTY_BODY = YES;
				CLANG_WARN_ENUM_CONVERSION = YES;
				CLANG_WARN_INT_CONVERSION = YES;
				CLANG_WARN_OBJC_ROOT_CLASS = YES_ERROR;
				CLANG_WARN_UNREACHABLE_CODE = YES;
				CLANG_WARN__DUPLICATE_METHOD_MATCH = YES;
				"CODE_SIGN_IDENTITY[sdk=iphoneos*]" = "iPhone Developer";
				COPY_PHASE_STRIP = NO;
				DEBUG_INFORMATION_FORMAT = "dwarf-with-dsym";
				ENABLE_NS_ASSERTIONS = NO;
				ENABLE_STRICT_OBJC_MSGSEND = YES;
				GCC_C_LANGUAGE_STANDARD = gnu99;
				GCC_NO_COMMON_BLOCKS = YES;
				GCC_WARN_64_TO_32_BIT_CONVERSION = YES;
				GCC_WARN_ABOUT_RETURN_TYPE = YES_ERROR;
				GCC_WARN_UNDECLARED_SELECTOR = YES;
				GCC_WARN_UNINITIALIZED_AUTOS = YES_AGGRESSIVE;
				GCC_WARN_UNUSED_FUNCTION = YES;
				GCC_WARN_UNUSED_VARIABLE = YES;
				IPHONEOS_DEPLOYMENT_TARGET = 8.3;
				MTL_ENABLE_DEBUG_INFO = NO;
				SDKROOT = iphoneos;
				VALIDATE_PRODUCT = YES;
			};
			name = Release;
		};
		58C042C71B6F7A2B00BE27F9 /* Debug */ = {
			isa = XCBuildConfiguration;
			buildSettings = {
				ASSETCATALOG_COMPILER_APPICON_NAME = AppIcon;
				INFOPLIST_FILE = Trendy/Info.plist;
				LD_RUNPATH_SEARCH_PATHS = "$(inherited) @executable_path/Frameworks";
				PRODUCT_NAME = "$(TARGET_NAME)";
			};
			name = Debug;
		};
		58C042C81B6F7A2B00BE27F9 /* Release */ = {
			isa = XCBuildConfiguration;
			buildSettings = {
				ASSETCATALOG_COMPILER_APPICON_NAME = AppIcon;
				INFOPLIST_FILE = Trendy/Info.plist;
				LD_RUNPATH_SEARCH_PATHS = "$(inherited) @executable_path/Frameworks";
				PRODUCT_NAME = "$(TARGET_NAME)";
			};
			name = Release;
		};
		58C042CA1B6F7A2B00BE27F9 /* Debug */ = {
			isa = XCBuildConfiguration;
			buildSettings = {
				BUNDLE_LOADER = "$(TEST_HOST)";
				FRAMEWORK_SEARCH_PATHS = (
					"$(SDKROOT)/Developer/Library/Frameworks",
					"$(inherited)",
				);
				GCC_PREPROCESSOR_DEFINITIONS = (
					"DEBUG=1",
					"$(inherited)",
				);
				INFOPLIST_FILE = TrendyTests/Info.plist;
				LD_RUNPATH_SEARCH_PATHS = "$(inherited) @executable_path/Frameworks @loader_path/Frameworks";
				PRODUCT_NAME = "$(TARGET_NAME)";
				TEST_HOST = "$(BUILT_PRODUCTS_DIR)/Trendy.app/Trendy";
			};
			name = Debug;
		};
		58C042CB1B6F7A2B00BE27F9 /* Release */ = {
			isa = XCBuildConfiguration;
			buildSettings = {
				BUNDLE_LOADER = "$(TEST_HOST)";
				FRAMEWORK_SEARCH_PATHS = (
					"$(SDKROOT)/Developer/Library/Frameworks",
					"$(inherited)",
				);
				INFOPLIST_FILE = TrendyTests/Info.plist;
				LD_RUNPATH_SEARCH_PATHS = "$(inherited) @executable_path/Frameworks @loader_path/Frameworks";
				PRODUCT_NAME = "$(TARGET_NAME)";
				TEST_HOST = "$(BUILT_PRODUCTS_DIR)/Trendy.app/Trendy";
			};
			name = Release;
		};
/* End XCBuildConfiguration section */

/* Begin XCConfigurationList section */
		58C0429E1B6F7A2B00BE27F9 /* Build configuration list for PBXProject "Trendy" */ = {
			isa = XCConfigurationList;
			buildConfigurations = (
				58C042C41B6F7A2B00BE27F9 /* Debug */,
				58C042C51B6F7A2B00BE27F9 /* Release */,
			);
			defaultConfigurationIsVisible = 0;
			defaultConfigurationName = Release;
		};
		58C042C61B6F7A2B00BE27F9 /* Build configuration list for PBXNativeTarget "Trendy" */ = {
			isa = XCConfigurationList;
			buildConfigurations = (
				58C042C71B6F7A2B00BE27F9 /* Debug */,
				58C042C81B6F7A2B00BE27F9 /* Release */,
			);
			defaultConfigurationIsVisible = 0;
		};
		58C042C91B6F7A2B00BE27F9 /* Build configuration list for PBXNativeTarget "TrendyTests" */ = {
			isa = XCConfigurationList;
			buildConfigurations = (
				58C042CA1B6F7A2B00BE27F9 /* Debug */,
				58C042CB1B6F7A2B00BE27F9 /* Release */,
			);
			defaultConfigurationIsVisible = 0;
		};
/* End XCConfigurationList section */
	};
	rootObject = 58C0429B1B6F7A2B00BE27F9 /* Project object */;
}
